// !$*UTF8*$!
{
	archiveVersion = 1;
	classes = {
	};
	objectVersion = 46;
	objects = {

/* Begin PBXBuildFile section */
		026B42B2888DC69E20D069D8 /* Pods_Beem.framework in Frameworks */ = {isa = PBXBuildFile; fileRef = 1FA446AF232AF12EBC793F10 /* Pods_Beem.framework */; };
		18100FB71E321993004C2C2A /* CameraManager.swift in Sources */ = {isa = PBXBuildFile; fileRef = 18100FB61E321993004C2C2A /* CameraManager.swift */; };
		183542CD1E3882B6008EE6D5 /* ValidationManager.swift in Sources */ = {isa = PBXBuildFile; fileRef = 183542CC1E3882B6008EE6D5 /* ValidationManager.swift */; };
		183542D01E388322008EE6D5 /* ErrorModel.swift in Sources */ = {isa = PBXBuildFile; fileRef = 183542CF1E388322008EE6D5 /* ErrorModel.swift */; };
		183542D21E38B599008EE6D5 /* BEEMSignUpViewController.swift in Sources */ = {isa = PBXBuildFile; fileRef = 183542D11E38B599008EE6D5 /* BEEMSignUpViewController.swift */; };
		1868B88D1E2F8490005ADF9F /* VideoManager.swift in Sources */ = {isa = PBXBuildFile; fileRef = 1868B88C1E2F8490005ADF9F /* VideoManager.swift */; };
		188824951E35D27200BF5454 /* BEEMLoginViewController.swift in Sources */ = {isa = PBXBuildFile; fileRef = 188824941E35D27200BF5454 /* BEEMLoginViewController.swift */; };
		1897A7061E30D97F00DD35C8 /* EditVideoViewController.swift in Sources */ = {isa = PBXBuildFile; fileRef = 1897A7051E30D97F00DD35C8 /* EditVideoViewController.swift */; };
		18A3B8841E37620C000F563F /* BEEMUIButton.swift in Sources */ = {isa = PBXBuildFile; fileRef = 18A3B8831E37620C000F563F /* BEEMUIButton.swift */; };
		18A3B8861E3767F4000F563F /* BEEMUIColor.swift in Sources */ = {isa = PBXBuildFile; fileRef = 18A3B8851E3767F4000F563F /* BEEMUIColor.swift */; };
		18BF03AF1E2E373B0017D6D5 /* Main.storyboard in Resources */ = {isa = PBXBuildFile; fileRef = 18BF03AD1E2E373B0017D6D5 /* Main.storyboard */; };
		18BF03B41E2E373B0017D6D5 /* LaunchScreen.storyboard in Resources */ = {isa = PBXBuildFile; fileRef = 18BF03B21E2E373B0017D6D5 /* LaunchScreen.storyboard */; };
		18BF03C71E2E49780017D6D5 /* Assets.xcassets in Resources */ = {isa = PBXBuildFile; fileRef = 18BF03C11E2E49780017D6D5 /* Assets.xcassets */; };
		18BF03C81E2E49780017D6D5 /* AppDelegate.swift in Sources */ = {isa = PBXBuildFile; fileRef = 18BF03C31E2E49780017D6D5 /* AppDelegate.swift */; };
		18BF03C91E2E49780017D6D5 /* RecordVideoViewController.swift in Sources */ = {isa = PBXBuildFile; fileRef = 18BF03C61E2E49780017D6D5 /* RecordVideoViewController.swift */; };
		18BF03CB1E2F484E0017D6D5 /* VideoEditTaskManager.swift in Sources */ = {isa = PBXBuildFile; fileRef = 18BF03CA1E2F484E0017D6D5 /* VideoEditTaskManager.swift */; };
		18BF03CD1E2F48AF0017D6D5 /* AudioEditTaskManager.swift in Sources */ = {isa = PBXBuildFile; fileRef = 18BF03CC1E2F48AF0017D6D5 /* AudioEditTaskManager.swift */; };
/* End PBXBuildFile section */

/* Begin PBXFileReference section */
		18100FB61E321993004C2C2A /* CameraManager.swift */ = {isa = PBXFileReference; fileEncoding = 4; lastKnownFileType = sourcecode.swift; path = CameraManager.swift; sourceTree = "<group>"; };
		183542CC1E3882B6008EE6D5 /* ValidationManager.swift */ = {isa = PBXFileReference; fileEncoding = 4; lastKnownFileType = sourcecode.swift; path = ValidationManager.swift; sourceTree = "<group>"; };
		183542CF1E388322008EE6D5 /* ErrorModel.swift */ = {isa = PBXFileReference; fileEncoding = 4; lastKnownFileType = sourcecode.swift; path = ErrorModel.swift; sourceTree = "<group>"; };
		183542D11E38B599008EE6D5 /* BEEMSignUpViewController.swift */ = {isa = PBXFileReference; fileEncoding = 4; lastKnownFileType = sourcecode.swift; path = BEEMSignUpViewController.swift; sourceTree = "<group>"; };
		1868B88C1E2F8490005ADF9F /* VideoManager.swift */ = {isa = PBXFileReference; fileEncoding = 4; lastKnownFileType = sourcecode.swift; path = VideoManager.swift; sourceTree = "<group>"; };
		188824941E35D27200BF5454 /* BEEMLoginViewController.swift */ = {isa = PBXFileReference; fileEncoding = 4; lastKnownFileType = sourcecode.swift; path = BEEMLoginViewController.swift; sourceTree = "<group>"; };
		1897A7051E30D97F00DD35C8 /* EditVideoViewController.swift */ = {isa = PBXFileReference; fileEncoding = 4; lastKnownFileType = sourcecode.swift; path = EditVideoViewController.swift; sourceTree = "<group>"; };
		18A3B8831E37620C000F563F /* BEEMUIButton.swift */ = {isa = PBXFileReference; fileEncoding = 4; lastKnownFileType = sourcecode.swift; path = BEEMUIButton.swift; sourceTree = "<group>"; };
		18A3B8851E3767F4000F563F /* BEEMUIColor.swift */ = {isa = PBXFileReference; fileEncoding = 4; lastKnownFileType = sourcecode.swift; path = BEEMUIColor.swift; sourceTree = "<group>"; };
		18BF03A61E2E373A0017D6D5 /* Beem.app */ = {isa = PBXFileReference; explicitFileType = wrapper.application; includeInIndex = 0; path = Beem.app; sourceTree = BUILT_PRODUCTS_DIR; };
		18BF03AE1E2E373B0017D6D5 /* Base */ = {isa = PBXFileReference; lastKnownFileType = file.storyboard; name = Base; path = Base.lproj/Main.storyboard; sourceTree = "<group>"; };
		18BF03B31E2E373B0017D6D5 /* Base */ = {isa = PBXFileReference; lastKnownFileType = file.storyboard; name = Base; path = Base.lproj/LaunchScreen.storyboard; sourceTree = "<group>"; };
		18BF03B51E2E373C0017D6D5 /* Info.plist */ = {isa = PBXFileReference; lastKnownFileType = text.plist.xml; path = Info.plist; sourceTree = "<group>"; };
		18BF03C11E2E49780017D6D5 /* Assets.xcassets */ = {isa = PBXFileReference; lastKnownFileType = folder.assetcatalog; path = Assets.xcassets; sourceTree = "<group>"; };
		18BF03C31E2E49780017D6D5 /* AppDelegate.swift */ = {isa = PBXFileReference; fileEncoding = 4; lastKnownFileType = sourcecode.swift; path = AppDelegate.swift; sourceTree = "<group>"; };
		18BF03C61E2E49780017D6D5 /* RecordVideoViewController.swift */ = {isa = PBXFileReference; fileEncoding = 4; lastKnownFileType = sourcecode.swift; path = RecordVideoViewController.swift; sourceTree = "<group>"; };
		18BF03CA1E2F484E0017D6D5 /* VideoEditTaskManager.swift */ = {isa = PBXFileReference; fileEncoding = 4; lastKnownFileType = sourcecode.swift; path = VideoEditTaskManager.swift; sourceTree = "<group>"; };
		18BF03CC1E2F48AF0017D6D5 /* AudioEditTaskManager.swift */ = {isa = PBXFileReference; fileEncoding = 4; lastKnownFileType = sourcecode.swift; path = AudioEditTaskManager.swift; sourceTree = "<group>"; };
		1FA446AF232AF12EBC793F10 /* Pods_Beem.framework */ = {isa = PBXFileReference; explicitFileType = wrapper.framework; includeInIndex = 0; path = Pods_Beem.framework; sourceTree = BUILT_PRODUCTS_DIR; };
		757CDDA244224B192A174DBF /* Pods-Beem.debug.xcconfig */ = {isa = PBXFileReference; includeInIndex = 1; lastKnownFileType = text.xcconfig; name = "Pods-Beem.debug.xcconfig"; path = "Pods/Target Support Files/Pods-Beem/Pods-Beem.debug.xcconfig"; sourceTree = "<group>"; };
		D0AE3CE8804DBF2D5B9CDDEF /* Pods-Beem.release.xcconfig */ = {isa = PBXFileReference; includeInIndex = 1; lastKnownFileType = text.xcconfig; name = "Pods-Beem.release.xcconfig"; path = "Pods/Target Support Files/Pods-Beem/Pods-Beem.release.xcconfig"; sourceTree = "<group>"; };
/* End PBXFileReference section */

/* Begin PBXFrameworksBuildPhase section */
		18BF03A31E2E37360017D6D5 /* Frameworks */ = {
			isa = PBXFrameworksBuildPhase;
			buildActionMask = 2147483647;
			files = (
				026B42B2888DC69E20D069D8 /* Pods_Beem.framework in Frameworks */,
			);
			runOnlyForDeploymentPostprocessing = 0;
		};
/* End PBXFrameworksBuildPhase section */

/* Begin PBXGroup section */
		183542CE1E388311008EE6D5 /* Models */ = {
			isa = PBXGroup;
			children = (
				183542CF1E388322008EE6D5 /* ErrorModel.swift */,
			);
			path = Models;
			sourceTree = "<group>";
		};
		1868B8881E2F83AA005ADF9F /* UtilsClasses */ = {
			isa = PBXGroup;
			children = (
				1868B8891E2F83C4005ADF9F /* ThirdPartyClasses */,
				18A3B8831E37620C000F563F /* BEEMUIButton.swift */,
				18A3B8851E3767F4000F563F /* BEEMUIColor.swift */,
			);
			path = UtilsClasses;
			sourceTree = "<group>";
		};
		1868B8891E2F83C4005ADF9F /* ThirdPartyClasses */ = {
			isa = PBXGroup;
			children = (
				18100FB61E321993004C2C2A /* CameraManager.swift */,
			);
			path = ThirdPartyClasses;
			sourceTree = "<group>";
		};
		18BF039D1E2E37360017D6D5 = {
			isa = PBXGroup;
			children = (
				18BF03A81E2E373A0017D6D5 /* Beem */,
				18BF03A71E2E373A0017D6D5 /* Products */,
				26AE678DC8C167D8088654C8 /* Pods */,
				5FB26486D7DEA638FE96514B /* Frameworks */,
			);
			sourceTree = "<group>";
		};
		18BF03A71E2E373A0017D6D5 /* Products */ = {
			isa = PBXGroup;
			children = (
				18BF03A61E2E373A0017D6D5 /* Beem.app */,
			);
			name = Products;
			sourceTree = "<group>";
		};
		18BF03A81E2E373A0017D6D5 /* Beem */ = {
			isa = PBXGroup;
			children = (
				18BF03BB1E2E49780017D6D5 /* Constants */,
				18BF03BC1E2E49780017D6D5 /* CustomViews */,
				183542CE1E388311008EE6D5 /* Models */,
				18BF03BD1E2E49780017D6D5 /* Managers */,
				18BF03C01E2E49780017D6D5 /* Resources */,
				18BF03C21E2E49780017D6D5 /* SystemClasses */,
				1868B8881E2F83AA005ADF9F /* UtilsClasses */,
				18BF03C51E2E49780017D6D5 /* ViewControllers */,
				18BF03B51E2E373C0017D6D5 /* Info.plist */,
			);
			path = Beem;
			sourceTree = "<group>";
		};
		18BF03BB1E2E49780017D6D5 /* Constants */ = {
			isa = PBXGroup;
			children = (
			);
			path = Constants;
			sourceTree = "<group>";
		};
		18BF03BC1E2E49780017D6D5 /* CustomViews */ = {
			isa = PBXGroup;
			children = (
			);
			path = CustomViews;
			sourceTree = "<group>";
		};
		18BF03BD1E2E49780017D6D5 /* Managers */ = {
			isa = PBXGroup;
			children = (
				18BF03BE1E2E49780017D6D5 /* SpecialistManagers */,
				18BF03BF1E2E49780017D6D5 /* Task Managers */,
			);
			path = Managers;
			sourceTree = "<group>";
		};
		18BF03BE1E2E49780017D6D5 /* SpecialistManagers */ = {
			isa = PBXGroup;
			children = (
				1868B88C1E2F8490005ADF9F /* VideoManager.swift */,
				183542CC1E3882B6008EE6D5 /* ValidationManager.swift */,
			);
			path = SpecialistManagers;
			sourceTree = "<group>";
		};
		18BF03BF1E2E49780017D6D5 /* Task Managers */ = {
			isa = PBXGroup;
			children = (
				18BF03CA1E2F484E0017D6D5 /* VideoEditTaskManager.swift */,
				18BF03CC1E2F48AF0017D6D5 /* AudioEditTaskManager.swift */,
			);
			path = "Task Managers";
			sourceTree = "<group>";
		};
		18BF03C01E2E49780017D6D5 /* Resources */ = {
			isa = PBXGroup;
			children = (
				18BF03C11E2E49780017D6D5 /* Assets.xcassets */,
			);
			path = Resources;
			sourceTree = "<group>";
		};
		18BF03C21E2E49780017D6D5 /* SystemClasses */ = {
			isa = PBXGroup;
			children = (
				18BF03B21E2E373B0017D6D5 /* LaunchScreen.storyboard */,
				18BF03AD1E2E373B0017D6D5 /* Main.storyboard */,
				18BF03C31E2E49780017D6D5 /* AppDelegate.swift */,
			);
			path = SystemClasses;
			sourceTree = "<group>";
		};
		18BF03C51E2E49780017D6D5 /* ViewControllers */ = {
			isa = PBXGroup;
			children = (
				18BF03C61E2E49780017D6D5 /* RecordVideoViewController.swift */,
				1897A7051E30D97F00DD35C8 /* EditVideoViewController.swift */,
				188824941E35D27200BF5454 /* BEEMLoginViewController.swift */,
				183542D11E38B599008EE6D5 /* BEEMSignUpViewController.swift */,
			);
			path = ViewControllers;
			sourceTree = "<group>";
		};
		26AE678DC8C167D8088654C8 /* Pods */ = {
			isa = PBXGroup;
			children = (
				757CDDA244224B192A174DBF /* Pods-Beem.debug.xcconfig */,
				D0AE3CE8804DBF2D5B9CDDEF /* Pods-Beem.release.xcconfig */,
			);
			name = Pods;
			sourceTree = "<group>";
		};
		5FB26486D7DEA638FE96514B /* Frameworks */ = {
			isa = PBXGroup;
			children = (
				1FA446AF232AF12EBC793F10 /* Pods_Beem.framework */,
			);
			name = Frameworks;
			sourceTree = "<group>";
		};
/* End PBXGroup section */

/* Begin PBXNativeTarget section */
		18BF03A51E2E37360017D6D5 /* Beem */ = {
			isa = PBXNativeTarget;
			buildConfigurationList = 18BF03B81E2E373C0017D6D5 /* Build configuration list for PBXNativeTarget "Beem" */;
			buildPhases = (
				E924528B0D60DCC3DC59A701 /* [CP] Check Pods Manifest.lock */,
				18BF03A21E2E37360017D6D5 /* Sources */,
				18BF03A31E2E37360017D6D5 /* Frameworks */,
				18BF03A41E2E37360017D6D5 /* Resources */,
				597FDDE1E8EE0F19F3741AD6 /* [CP] Embed Pods Frameworks */,
				0C5851F2744B4DD4364A1319 /* [CP] Copy Pods Resources */,
			);
			buildRules = (
			);
			dependencies = (
			);
			name = Beem;
			productName = Beem;
			productReference = 18BF03A61E2E373A0017D6D5 /* Beem.app */;
			productType = "com.apple.product-type.application";
		};
/* End PBXNativeTarget section */

/* Begin PBXProject section */
		18BF039E1E2E37360017D6D5 /* Project object */ = {
			isa = PBXProject;
			attributes = {
				LastSwiftUpdateCheck = 0820;
				LastUpgradeCheck = 0820;
				ORGANIZATIONNAME = mobulous;
				TargetAttributes = {
					18BF03A51E2E37360017D6D5 = {
						CreatedOnToolsVersion = 8.2.1;
						DevelopmentTeam = K9EAL36C8L;
						ProvisioningStyle = Automatic;
					};
				};
			};
			buildConfigurationList = 18BF03A11E2E37360017D6D5 /* Build configuration list for PBXProject "Beem" */;
			compatibilityVersion = "Xcode 3.2";
			developmentRegion = English;
			hasScannedForEncodings = 0;
			knownRegions = (
				en,
				Base,
			);
			mainGroup = 18BF039D1E2E37360017D6D5;
			productRefGroup = 18BF03A71E2E373A0017D6D5 /* Products */;
			projectDirPath = "";
			projectRoot = "";
			targets = (
				18BF03A51E2E37360017D6D5 /* Beem */,
			);
		};
/* End PBXProject section */

/* Begin PBXResourcesBuildPhase section */
		18BF03A41E2E37360017D6D5 /* Resources */ = {
			isa = PBXResourcesBuildPhase;
			buildActionMask = 2147483647;
			files = (
				18BF03B41E2E373B0017D6D5 /* LaunchScreen.storyboard in Resources */,
				18BF03C71E2E49780017D6D5 /* Assets.xcassets in Resources */,
				18BF03AF1E2E373B0017D6D5 /* Main.storyboard in Resources */,
			);
			runOnlyForDeploymentPostprocessing = 0;
		};
/* End PBXResourcesBuildPhase section */

/* Begin PBXShellScriptBuildPhase section */
		0C5851F2744B4DD4364A1319 /* [CP] Copy Pods Resources */ = {
			isa = PBXShellScriptBuildPhase;
			buildActionMask = 2147483647;
			files = (
			);
			inputPaths = (
			);
			name = "[CP] Copy Pods Resources";
			outputPaths = (
			);
			runOnlyForDeploymentPostprocessing = 0;
			shellPath = /bin/sh;
			shellScript = "\"${SRCROOT}/Pods/Target Support Files/Pods-Beem/Pods-Beem-resources.sh\"\n";
			showEnvVarsInLog = 0;
		};
		597FDDE1E8EE0F19F3741AD6 /* [CP] Embed Pods Frameworks */ = {
			isa = PBXShellScriptBuildPhase;
			buildActionMask = 2147483647;
			files = (
			);
			inputPaths = (
			);
			name = "[CP] Embed Pods Frameworks";
			outputPaths = (
			);
			runOnlyForDeploymentPostprocessing = 0;
			shellPath = /bin/sh;
			shellScript = "\"${SRCROOT}/Pods/Target Support Files/Pods-Beem/Pods-Beem-frameworks.sh\"\n";
			showEnvVarsInLog = 0;
		};
		E924528B0D60DCC3DC59A701 /* [CP] Check Pods Manifest.lock */ = {
			isa = PBXShellScriptBuildPhase;
			buildActionMask = 2147483647;
			files = (
			);
			inputPaths = (
			);
			name = "[CP] Check Pods Manifest.lock";
			outputPaths = (
			);
			runOnlyForDeploymentPostprocessing = 0;
			shellPath = /bin/sh;
			shellScript = "diff \"${PODS_ROOT}/../Podfile.lock\" \"${PODS_ROOT}/Manifest.lock\" > /dev/null\nif [ $? != 0 ] ; then\n    # print error to STDERR\n    echo \"error: The sandbox is not in sync with the Podfile.lock. Run 'pod install' or update your CocoaPods installation.\" >&2\n    exit 1\nfi\n";
			showEnvVarsInLog = 0;
		};
/* End PBXShellScriptBuildPhase section */

/* Begin PBXSourcesBuildPhase section */
		18BF03A21E2E37360017D6D5 /* Sources */ = {
			isa = PBXSourcesBuildPhase;
			buildActionMask = 2147483647;
			files = (
				183542CD1E3882B6008EE6D5 /* ValidationManager.swift in Sources */,
				18BF03CB1E2F484E0017D6D5 /* VideoEditTaskManager.swift in Sources */,
				188824951E35D27200BF5454 /* BEEMLoginViewController.swift in Sources */,
				18100FB71E321993004C2C2A /* CameraManager.swift in Sources */,
				18BF03C81E2E49780017D6D5 /* AppDelegate.swift in Sources */,
				1897A7061E30D97F00DD35C8 /* EditVideoViewController.swift in Sources */,
				183542D01E388322008EE6D5 /* ErrorModel.swift in Sources */,
				18BF03C91E2E49780017D6D5 /* RecordVideoViewController.swift in Sources */,
				18A3B8861E3767F4000F563F /* BEEMUIColor.swift in Sources */,
				183542D21E38B599008EE6D5 /* BEEMSignUpViewController.swift in Sources */,
				18A3B8841E37620C000F563F /* BEEMUIButton.swift in Sources */,
				18BF03CD1E2F48AF0017D6D5 /* AudioEditTaskManager.swift in Sources */,
				1868B88D1E2F8490005ADF9F /* VideoManager.swift in Sources */,
			);
			runOnlyForDeploymentPostprocessing = 0;
		};
/* End PBXSourcesBuildPhase section */

/* Begin PBXVariantGroup section */
		18BF03AD1E2E373B0017D6D5 /* Main.storyboard */ = {
			isa = PBXVariantGroup;
			children = (
				18BF03AE1E2E373B0017D6D5 /* Base */,
			);
			name = Main.storyboard;
			path = ..;
			sourceTree = "<group>";
		};
		18BF03B21E2E373B0017D6D5 /* LaunchScreen.storyboard */ = {
			isa = PBXVariantGroup;
			children = (
				18BF03B31E2E373B0017D6D5 /* Base */,
			);
			name = LaunchScreen.storyboard;
			path = ..;
			sourceTree = "<group>";
		};
/* End PBXVariantGroup section */

/* Begin XCBuildConfiguration section */
		18BF03B61E2E373C0017D6D5 /* Debug */ = {
			isa = XCBuildConfiguration;
			buildSettings = {
				ALWAYS_SEARCH_USER_PATHS = NO;
				CLANG_ANALYZER_NONNULL = YES;
				CLANG_CXX_LANGUAGE_STANDARD = "gnu++0x";
				CLANG_CXX_LIBRARY = "libc++";
				CLANG_ENABLE_MODULES = YES;
				CLANG_ENABLE_OBJC_ARC = YES;
				CLANG_WARN_BOOL_CONVERSION = YES;
				CLANG_WARN_CONSTANT_CONVERSION = YES;
				CLANG_WARN_DIRECT_OBJC_ISA_USAGE = YES_ERROR;
				CLANG_WARN_DOCUMENTATION_COMMENTS = YES;
				CLANG_WARN_EMPTY_BODY = YES;
				CLANG_WARN_ENUM_CONVERSION = YES;
				CLANG_WARN_INFINITE_RECURSION = YES;
				CLANG_WARN_INT_CONVERSION = YES;
				CLANG_WARN_OBJC_ROOT_CLASS = YES_ERROR;
				CLANG_WARN_SUSPICIOUS_MOVE = YES;
				CLANG_WARN_UNREACHABLE_CODE = YES;
				CLANG_WARN__DUPLICATE_METHOD_MATCH = YES;
				"CODE_SIGN_IDENTITY[sdk=iphoneos*]" = "iPhone Developer";
				COPY_PHASE_STRIP = NO;
				DEBUG_INFORMATION_FORMAT = dwarf;
				ENABLE_STRICT_OBJC_MSGSEND = YES;
				ENABLE_TESTABILITY = YES;
				GCC_C_LANGUAGE_STANDARD = gnu99;
				GCC_DYNAMIC_NO_PIC = NO;
				GCC_NO_COMMON_BLOCKS = YES;
				GCC_OPTIMIZATION_LEVEL = 0;
				GCC_PREPROCESSOR_DEFINITIONS = (
					"DEBUG=1",
					"$(inherited)",
				);
				GCC_WARN_64_TO_32_BIT_CONVERSION = YES;
				GCC_WARN_ABOUT_RETURN_TYPE = YES_ERROR;
				GCC_WARN_UNDECLARED_SELECTOR = YES;
				GCC_WARN_UNINITIALIZED_AUTOS = YES_AGGRESSIVE;
				GCC_WARN_UNUSED_FUNCTION = YES;
				GCC_WARN_UNUSED_VARIABLE = YES;
				IPHONEOS_DEPLOYMENT_TARGET = 10.2;
				MTL_ENABLE_DEBUG_INFO = YES;
				ONLY_ACTIVE_ARCH = YES;
				SDKROOT = iphoneos;
				SWIFT_ACTIVE_COMPILATION_CONDITIONS = DEBUG;
				SWIFT_OPTIMIZATION_LEVEL = "-Onone";
			};
			name = Debug;
		};
		18BF03B71E2E373C0017D6D5 /* Release */ = {
			isa = XCBuildConfiguration;
			buildSettings = {
				ALWAYS_SEARCH_USER_PATHS = NO;
				CLANG_ANALYZER_NONNULL = YES;
				CLANG_CXX_LANGUAGE_STANDARD = "gnu++0x";
				CLANG_CXX_LIBRARY = "libc++";
				CLANG_ENABLE_MODULES = YES;
				CLANG_ENABLE_OBJC_ARC = YES;
				CLANG_WARN_BOOL_CONVERSION = YES;
				CLANG_WARN_CONSTANT_CONVERSION = YES;
				CLANG_WARN_DIRECT_OBJC_ISA_USAGE = YES_ERROR;
				CLANG_WARN_DOCUMENTATION_COMMENTS = YES;
				CLANG_WARN_EMPTY_BODY = YES;
				CLANG_WARN_ENUM_CONVERSION = YES;
				CLANG_WARN_INFINITE_RECURSION = YES;
				CLANG_WARN_INT_CONVERSION = YES;
				CLANG_WARN_OBJC_ROOT_CLASS = YES_ERROR;
				CLANG_WARN_SUSPICIOUS_MOVE = YES;
				CLANG_WARN_UNREACHABLE_CODE = YES;
				CLANG_WARN__DUPLICATE_METHOD_MATCH = YES;
				"CODE_SIGN_IDENTITY[sdk=iphoneos*]" = "iPhone Developer";
				COPY_PHASE_STRIP = NO;
				DEBUG_INFORMATION_FORMAT = "dwarf-with-dsym";
				ENABLE_NS_ASSERTIONS = NO;
				ENABLE_STRICT_OBJC_MSGSEND = YES;
				GCC_C_LANGUAGE_STANDARD = gnu99;
				GCC_NO_COMMON_BLOCKS = YES;
				GCC_WARN_64_TO_32_BIT_CONVERSION = YES;
				GCC_WARN_ABOUT_RETURN_TYPE = YES_ERROR;
				GCC_WARN_UNDECLARED_SELECTOR = YES;
				GCC_WARN_UNINITIALIZED_AUTOS = YES_AGGRESSIVE;
				GCC_WARN_UNUSED_FUNCTION = YES;
				GCC_WARN_UNUSED_VARIABLE = YES;
				IPHONEOS_DEPLOYMENT_TARGET = 10.2;
				MTL_ENABLE_DEBUG_INFO = NO;
				SDKROOT = iphoneos;
				SWIFT_OPTIMIZATION_LEVEL = "-Owholemodule";
				VALIDATE_PRODUCT = YES;
			};
			name = Release;
		};
		18BF03B91E2E373C0017D6D5 /* Debug */ = {
			isa = XCBuildConfiguration;
			baseConfigurationReference = 757CDDA244224B192A174DBF /* Pods-Beem.debug.xcconfig */;
			buildSettings = {
				ASSETCATALOG_COMPILER_APPICON_NAME = AppIcon;
				DEVELOPMENT_TEAM = K9EAL36C8L;
				INFOPLIST_FILE = Beem/Info.plist;
				LD_RUNPATH_SEARCH_PATHS = "$(inherited) @executable_path/Frameworks";
				PRODUCT_BUNDLE_IDENTIFIER = com.mobulous.beem.Beem;
				PRODUCT_NAME = "$(TARGET_NAME)";
				SWIFT_VERSION = 3.0;
			};
			name = Debug;
		};
		18BF03BA1E2E373C0017D6D5 /* Release */ = {
			isa = XCBuildConfiguration;
			baseConfigurationReference = D0AE3CE8804DBF2D5B9CDDEF /* Pods-Beem.release.xcconfig */;
			buildSettings = {
				ASSETCATALOG_COMPILER_APPICON_NAME = AppIcon;
				DEVELOPMENT_TEAM = K9EAL36C8L;
				INFOPLIST_FILE = Beem/Info.plist;
				LD_RUNPATH_SEARCH_PATHS = "$(inherited) @executable_path/Frameworks";
				PRODUCT_BUNDLE_IDENTIFIER = com.mobulous.beem.Beem;
				PRODUCT_NAME = "$(TARGET_NAME)";
				SWIFT_VERSION = 3.0;
			};
			name = Release;
		};
/* End XCBuildConfiguration section */

/* Begin XCConfigurationList section */
		18BF03A11E2E37360017D6D5 /* Build configuration list for PBXProject "Beem" */ = {
			isa = XCConfigurationList;
			buildConfigurations = (
				18BF03B61E2E373C0017D6D5 /* Debug */,
				18BF03B71E2E373C0017D6D5 /* Release */,
			);
			defaultConfigurationIsVisible = 0;
			defaultConfigurationName = Release;
		};
		18BF03B81E2E373C0017D6D5 /* Build configuration list for PBXNativeTarget "Beem" */ = {
			isa = XCConfigurationList;
			buildConfigurations = (
				18BF03B91E2E373C0017D6D5 /* Debug */,
				18BF03BA1E2E373C0017D6D5 /* Release */,
			);
			defaultConfigurationIsVisible = 0;
			defaultConfigurationName = Release;
		};
/* End XCConfigurationList section */
	};
	rootObject = 18BF039E1E2E37360017D6D5 /* Project object */;
}
